
Microsoft Visual Studio Solution File, Format Version 12.00
# Visual Studio Version 17
VisualStudioVersion = 17.4.33110.190
MinimumVisualStudioVersion = 10.0.40219.1
Project("{2150E333-8FDC-42A3-9474-1A3956D46DE8}") = "src", "src", "{8FCCDF65-72E9-42D3-897D-09576E4918DB}"
EndProject
Project("{2150E333-8FDC-42A3-9474-1A3956D46DE8}") = "tests", "tests", "{0A88D92F-447C-4C5D-9BDF-29F624A357AE}"
EndProject
Project("{2150E333-8FDC-42A3-9474-1A3956D46DE8}") = "Shared", "Shared", "{173E1A3B-4930-4CDA-A04E-87AC2A85DB3B}"
EndProject
Project("{9A19103F-16F7-4668-BE54-9A1E7A4F7556}") = "PackIt.Shared.Abstractions", "src\Shared\PackIt.Shared.Abstractions\PackIt.Shared.Abstractions.csproj", "{CE315786-B34D-4D60-AAA3-85B379E20E35}"
EndProject
Project("{9A19103F-16F7-4668-BE54-9A1E7A4F7556}") = "PackIt.Shared", "src\Shared\PackIt.Shared\PackIt.Shared.csproj", "{F25C75CF-22AD-49A4-B72B-0782CE70545C}"
EndProject
Project("{9A19103F-16F7-4668-BE54-9A1E7A4F7556}") = "PackIt.Api", "src\PackIt.Api\PackIt.Api.csproj", "{CE4EAE43-69AA-431C-BC6F-FACFECB9C031}"
EndProject
Project("{9A19103F-16F7-4668-BE54-9A1E7A4F7556}") = "PackIt.Application", "src\PackIt.Application\PackIt.Application.csproj", "{417B2E91-0855-4378-ABD1-091BFB1CB8B2}"
EndProject
Project("{9A19103F-16F7-4668-BE54-9A1E7A4F7556}") = "PackIt.Domain", "src\PackIt.Domain\PackIt.Domain.csproj", "{4BAAFB3C-49FD-463E-8457-57C5125C2F7B}"
EndProject
Project("{9A19103F-16F7-4668-BE54-9A1E7A4F7556}") = "PackIt.Infrastructure", "src\PackIt.Infrastructure\PackIt.Infrastructure.csproj", "{E853AF6F-053B-4813-91EB-24EC9D274019}"
EndProject
Global
	GlobalSection(SolutionConfigurationPlatforms) = preSolution
		Debug|Any CPU = Debug|Any CPU
		Release|Any CPU = Release|Any CPU
	EndGlobalSection
	GlobalSection(ProjectConfigurationPlatforms) = postSolution
		{CE315786-B34D-4D60-AAA3-85B379E20E35}.Debug|Any CPU.ActiveCfg = Debug|Any CPU
		{CE315786-B34D-4D60-AAA3-85B379E20E35}.Debug|Any CPU.Build.0 = Debug|Any CPU
		{CE315786-B34D-4D60-AAA3-85B379E20E35}.Release|Any CPU.ActiveCfg = Release|Any CPU
		{CE315786-B34D-4D60-AAA3-85B379E20E35}.Release|Any CPU.Build.0 = Release|Any CPU
		{F25C75CF-22AD-49A4-B72B-0782CE70545C}.Debug|Any CPU.ActiveCfg = Debug|Any CPU
		{F25C75CF-22AD-49A4-B72B-0782CE70545C}.Debug|Any CPU.Build.0 = Debug|Any CPU
		{F25C75CF-22AD-49A4-B72B-0782CE70545C}.Release|Any CPU.ActiveCfg = Release|Any CPU
		{F25C75CF-22AD-49A4-B72B-0782CE70545C}.Release|Any CPU.Build.0 = Release|Any CPU
		{CE4EAE43-69AA-431C-BC6F-FACFECB9C031}.Debug|Any CPU.ActiveCfg = Debug|Any CPU
		{CE4EAE43-69AA-431C-BC6F-FACFECB9C031}.Debug|Any CPU.Build.0 = Debug|Any CPU
		{CE4EAE43-69AA-431C-BC6F-FACFECB9C031}.Release|Any CPU.ActiveCfg = Release|Any CPU
		{CE4EAE43-69AA-431C-BC6F-FACFECB9C031}.Release|Any CPU.Build.0 = Release|Any CPU
		{417B2E91-0855-4378-ABD1-091BFB1CB8B2}.Debug|Any CPU.ActiveCfg = Debug|Any CPU
		{417B2E91-0855-4378-ABD1-091BFB1CB8B2}.Debug|Any CPU.Build.0 = Debug|Any CPU
		{417B2E91-0855-4378-ABD1-091BFB1CB8B2}.Release|Any CPU.ActiveCfg = Release|Any CPU
		{417B2E91-0855-4378-ABD1-091BFB1CB8B2}.Release|Any CPU.Build.0 = Release|Any CPU
		{4BAAFB3C-49FD-463E-8457-57C5125C2F7B}.Debug|Any CPU.ActiveCfg = Debug|Any CPU
		{4BAAFB3C-49FD-463E-8457-57C5125C2F7B}.Debug|Any CPU.Build.0 = Debug|Any CPU
		{4BAAFB3C-49FD-463E-8457-57C5125C2F7B}.Release|Any CPU.ActiveCfg = Release|Any CPU
		{4BAAFB3C-49FD-463E-8457-57C5125C2F7B}.Release|Any CPU.Build.0 = Release|Any CPU
		{E853AF6F-053B-4813-91EB-24EC9D274019}.Debug|Any CPU.ActiveCfg = Debug|Any CPU
		{E853AF6F-053B-4813-91EB-24EC9D274019}.Debug|Any CPU.Build.0 = Debug|Any CPU
		{E853AF6F-053B-4813-91EB-24EC9D274019}.Release|Any CPU.ActiveCfg = Release|Any CPU
		{E853AF6F-053B-4813-91EB-24EC9D274019}.Release|Any CPU.Build.0 = Release|Any CPU
	EndGlobalSection
	GlobalSection(SolutionProperties) = preSolution
		HideSolutionNode = FALSE
	EndGlobalSection
	GlobalSection(NestedProjects) = preSolution
		{173E1A3B-4930-4CDA-A04E-87AC2A85DB3B} = {8FCCDF65-72E9-42D3-897D-09576E4918DB}
		{CE315786-B34D-4D60-AAA3-85B379E20E35} = {173E1A3B-4930-4CDA-A04E-87AC2A85DB3B}
		{F25C75CF-22AD-49A4-B72B-0782CE70545C} = {173E1A3B-4930-4CDA-A04E-87AC2A85DB3B}
		{CE4EAE43-69AA-431C-BC6F-FACFECB9C031} = {8FCCDF65-72E9-42D3-897D-09576E4918DB}
		{417B2E91-0855-4378-ABD1-091BFB1CB8B2} = {8FCCDF65-72E9-42D3-897D-09576E4918DB}
		{4BAAFB3C-49FD-463E-8457-57C5125C2F7B} = {8FCCDF65-72E9-42D3-897D-09576E4918DB}
		{E853AF6F-053B-4813-91EB-24EC9D274019} = {8FCCDF65-72E9-42D3-897D-09576E4918DB}
	EndGlobalSection
	GlobalSection(ExtensibilityGlobals) = postSolution
		SolutionGuid = {F8028D2F-4616-4768-8D26-65DEC47575B5}
	EndGlobalSection
EndGlobal
